// !$*UTF8*$!
{
	archiveVersion = 1;
	classes = {
	};
	objectVersion = 77;
	objects = {

/* Begin PBXBuildFile section */
		3813E2BF2DAF376A00BFBEDC /* Auth in Frameworks */ = {isa = PBXBuildFile; productRef = 3813E2BE2DAF376A00BFBEDC /* Auth */; };
		3813E2C12DAF376A00BFBEDC /* PostgREST in Frameworks */ = {isa = PBXBuildFile; productRef = 3813E2C02DAF376A00BFBEDC /* PostgREST */; };
		3813E2C32DAF376A00BFBEDC /* Storage in Frameworks */ = {isa = PBXBuildFile; productRef = 3813E2C22DAF376A00BFBEDC /* Storage */; };
		3813E2C52DAF376A00BFBEDC /* Supabase in Frameworks */ = {isa = PBXBuildFile; productRef = 3813E2C42DAF376A00BFBEDC /* Supabase */; };
/* End PBXBuildFile section */

/* Begin PBXContainerItemProxy section */
		3813E2862DAF1C9F00BFBEDC /* PBXContainerItemProxy */ = {
			isa = PBXContainerItemProxy;
			containerPortal = 3813E26D2DAF1C9F00BFBEDC /* Project object */;
			proxyType = 1;
			remoteGlobalIDString = 3813E2742DAF1C9F00BFBEDC;
			remoteInfo = TaskNoteIOS;
		};
		3813E2902DAF1C9F00BFBEDC /* PBXContainerItemProxy */ = {
			isa = PBXContainerItemProxy;
			containerPortal = 3813E26D2DAF1C9F00BFBEDC /* Project object */;
			proxyType = 1;
			remoteGlobalIDString = 3813E2742DAF1C9F00BFBEDC;
			remoteInfo = TaskNoteIOS;
		};
/* End PBXContainerItemProxy section */

/* Begin PBXFileReference section */
		3813E2752DAF1C9F00BFBEDC /* TaskNoteIOS.app */ = {isa = PBXFileReference; explicitFileType = wrapper.application; includeInIndex = 0; path = TaskNoteIOS.app; sourceTree = BUILT_PRODUCTS_DIR; };
		3813E2852DAF1C9F00BFBEDC /* TaskNoteIOSTests.xctest */ = {isa = PBXFileReference; explicitFileType = wrapper.cfbundle; includeInIndex = 0; path = TaskNoteIOSTests.xctest; sourceTree = BUILT_PRODUCTS_DIR; };
		3813E28F2DAF1C9F00BFBEDC /* TaskNoteIOSUITests.xctest */ = {isa = PBXFileReference; explicitFileType = wrapper.cfbundle; includeInIndex = 0; path = TaskNoteIOSUITests.xctest; sourceTree = BUILT_PRODUCTS_DIR; };
/* End PBXFileReference section */

/* Begin PBXFileSystemSynchronizedRootGroup section */
		3813E2772DAF1C9F00BFBEDC /* TaskNoteIOS */ = {
			isa = PBXFileSystemSynchronizedRootGroup;
			explicitFolders = (
				.xcassets,
			);
			path = TaskNoteIOS;
			sourceTree = "<group>";
		};
		3813E2882DAF1C9F00BFBEDC /* TaskNoteIOSTests */ = {
			isa = PBXFileSystemSynchronizedRootGroup;
			path = TaskNoteIOSTests;
			sourceTree = "<group>";
		};
		3813E2922DAF1C9F00BFBEDC /* TaskNoteIOSUITests */ = {
			isa = PBXFileSystemSynchronizedRootGroup;
			path = TaskNoteIOSUITests;
			sourceTree = "<group>";
		};
/* End PBXFileSystemSynchronizedRootGroup section */

/* Begin PBXFrameworksBuildPhase section */
		3813E2722DAF1C9F00BFBEDC /* Frameworks */ = {
			isa = PBXFrameworksBuildPhase;
			buildActionMask = 2147483647;
			files = (
				3813E2C52DAF376A00BFBEDC /* Supabase in Frameworks */,
				3813E2C32DAF376A00BFBEDC /* Storage in Frameworks */,
				3813E2C12DAF376A00BFBEDC /* PostgREST in Frameworks */,
				3813E2BF2DAF376A00BFBEDC /* Auth in Frameworks */,
			);
			runOnlyForDeploymentPostprocessing = 0;
		};
		3813E2822DAF1C9F00BFBEDC /* Frameworks */ = {
			isa = PBXFrameworksBuildPhase;
			buildActionMask = 2147483647;
			files = (
			);
			runOnlyForDeploymentPostprocessing = 0;
		};
		3813E28C2DAF1C9F00BFBEDC /* Frameworks */ = {
			isa = PBXFrameworksBuildPhase;
			buildActionMask = 2147483647;
			files = (
			);
			runOnlyForDeploymentPostprocessing = 0;
		};
/* End PBXFrameworksBuildPhase section */

/* Begin PBXGroup section */
		3813E26C2DAF1C9F00BFBEDC = {
			isa = PBXGroup;
			children = (
				3813E2772DAF1C9F00BFBEDC /* TaskNoteIOS */,
				3813E2882DAF1C9F00BFBEDC /* TaskNoteIOSTests */,
				3813E2922DAF1C9F00BFBEDC /* TaskNoteIOSUITests */,
				3813E2762DAF1C9F00BFBEDC /* Products */,
			);
			sourceTree = "<group>";
		};
		3813E2762DAF1C9F00BFBEDC /* Products */ = {
			isa = PBXGroup;
			children = (
				3813E2752DAF1C9F00BFBEDC /* TaskNoteIOS.app */,
				3813E2852DAF1C9F00BFBEDC /* TaskNoteIOSTests.xctest */,
				3813E28F2DAF1C9F00BFBEDC /* TaskNoteIOSUITests.xctest */,
			);
			name = Products;
			sourceTree = "<group>";
		};
/* End PBXGroup section */

/* Begin PBXNativeTarget section */
		3813E2742DAF1C9F00BFBEDC /* TaskNoteIOS */ = {
			isa = PBXNativeTarget;
			buildConfigurationList = 3813E2992DAF1C9F00BFBEDC /* Build configuration list for PBXNativeTarget "TaskNoteIOS" */;
			buildPhases = (
				3813E2712DAF1C9F00BFBEDC /* Sources */,
				3813E2722DAF1C9F00BFBEDC /* Frameworks */,
				3813E2732DAF1C9F00BFBEDC /* Resources */,
			);
			buildRules = (
			);
			dependencies = (
			);
			fileSystemSynchronizedGroups = (
				3813E2772DAF1C9F00BFBEDC /* TaskNoteIOS */,
			);
			name = TaskNoteIOS;
			packageProductDependencies = (
				3813E2BE2DAF376A00BFBEDC /* Auth */,
				3813E2C02DAF376A00BFBEDC /* PostgREST */,
				3813E2C22DAF376A00BFBEDC /* Storage */,
				3813E2C42DAF376A00BFBEDC /* Supabase */,
			);
			productName = TaskNoteIOS;
			productReference = 3813E2752DAF1C9F00BFBEDC /* TaskNoteIOS.app */;
			productType = "com.apple.product-type.application";
		};
		3813E2842DAF1C9F00BFBEDC /* TaskNoteIOSTests */ = {
			isa = PBXNativeTarget;
			buildConfigurationList = 3813E29C2DAF1C9F00BFBEDC /* Build configuration list for PBXNativeTarget "TaskNoteIOSTests" */;
			buildPhases = (
				3813E2812DAF1C9F00BFBEDC /* Sources */,
				3813E2822DAF1C9F00BFBEDC /* Frameworks */,
				3813E2832DAF1C9F00BFBEDC /* Resources */,
			);
			buildRules = (
			);
			dependencies = (
				3813E2872DAF1C9F00BFBEDC /* PBXTargetDependency */,
			);
			fileSystemSynchronizedGroups = (
				3813E2882DAF1C9F00BFBEDC /* TaskNoteIOSTests */,
			);
			name = TaskNoteIOSTests;
			packageProductDependencies = (
			);
			productName = TaskNoteIOSTests;
			productReference = 3813E2852DAF1C9F00BFBEDC /* TaskNoteIOSTests.xctest */;
			productType = "com.apple.product-type.bundle.unit-test";
		};
		3813E28E2DAF1C9F00BFBEDC /* TaskNoteIOSUITests */ = {
			isa = PBXNativeTarget;
			buildConfigurationList = 3813E29F2DAF1C9F00BFBEDC /* Build configuration list for PBXNativeTarget "TaskNoteIOSUITests" */;
			buildPhases = (
				3813E28B2DAF1C9F00BFBEDC /* Sources */,
				3813E28C2DAF1C9F00BFBEDC /* Frameworks */,
				3813E28D2DAF1C9F00BFBEDC /* Resources */,
			);
			buildRules = (
			);
			dependencies = (
				3813E2912DAF1C9F00BFBEDC /* PBXTargetDependency */,
			);
			fileSystemSynchronizedGroups = (
				3813E2922DAF1C9F00BFBEDC /* TaskNoteIOSUITests */,
			);
			name = TaskNoteIOSUITests;
			packageProductDependencies = (
			);
			productName = TaskNoteIOSUITests;
			productReference = 3813E28F2DAF1C9F00BFBEDC /* TaskNoteIOSUITests.xctest */;
			productType = "com.apple.product-type.bundle.ui-testing";
		};
/* End PBXNativeTarget section */

/* Begin PBXProject section */
		3813E26D2DAF1C9F00BFBEDC /* Project object */ = {
			isa = PBXProject;
			attributes = {
				BuildIndependentTargetsInParallel = 1;
				LastSwiftUpdateCheck = 1620;
				LastUpgradeCheck = 1620;
				TargetAttributes = {
					3813E2742DAF1C9F00BFBEDC = {
						CreatedOnToolsVersion = 16.2;
					};
					3813E2842DAF1C9F00BFBEDC = {
						CreatedOnToolsVersion = 16.2;
						TestTargetID = 3813E2742DAF1C9F00BFBEDC;
					};
					3813E28E2DAF1C9F00BFBEDC = {
						CreatedOnToolsVersion = 16.2;
						TestTargetID = 3813E2742DAF1C9F00BFBEDC;
					};
				};
			};
			buildConfigurationList = 3813E2702DAF1C9F00BFBEDC /* Build configuration list for PBXProject "TaskNoteIOS" */;
			developmentRegion = en;
			hasScannedForEncodings = 0;
			knownRegions = (
				en,
				Base,
			);
			mainGroup = 3813E26C2DAF1C9F00BFBEDC;
			minimizedProjectReferenceProxies = 1;
			packageReferences = (
				3813E2BD2DAF376A00BFBEDC /* XCRemoteSwiftPackageReference "supabase-swift" */,
			);
			preferredProjectObjectVersion = 77;
			productRefGroup = 3813E2762DAF1C9F00BFBEDC /* Products */;
			projectDirPath = "";
			projectRoot = "";
			targets = (
				3813E2742DAF1C9F00BFBEDC /* TaskNoteIOS */,
				3813E2842DAF1C9F00BFBEDC /* TaskNoteIOSTests */,
				3813E28E2DAF1C9F00BFBEDC /* TaskNoteIOSUITests */,
			);
		};
/* End PBXProject section */

/* Begin PBXResourcesBuildPhase section */
		3813E2732DAF1C9F00BFBEDC /* Resources */ = {
			isa = PBXResourcesBuildPhase;
			buildActionMask = 2147483647;
			files = (
			);
			runOnlyForDeploymentPostprocessing = 0;
		};
		3813E2832DAF1C9F00BFBEDC /* Resources */ = {
			isa = PBXResourcesBuildPhase;
			buildActionMask = 2147483647;
			files = (
			);
			runOnlyForDeploymentPostprocessing = 0;
		};
		3813E28D2DAF1C9F00BFBEDC /* Resources */ = {
			isa = PBXResourcesBuildPhase;
			buildActionMask = 2147483647;
			files = (
			);
			runOnlyForDeploymentPostprocessing = 0;
		};
/* End PBXResourcesBuildPhase section */

/* Begin PBXSourcesBuildPhase section */
		3813E2712DAF1C9F00BFBEDC /* Sources */ = {
			isa = PBXSourcesBuildPhase;
			buildActionMask = 2147483647;
			files = (
			);
			runOnlyForDeploymentPostprocessing = 0;
		};
		3813E2812DAF1C9F00BFBEDC /* Sources */ = {
			isa = PBXSourcesBuildPhase;
			buildActionMask = 2147483647;
			files = (
			);
			runOnlyForDeploymentPostprocessing = 0;
		};
		3813E28B2DAF1C9F00BFBEDC /* Sources */ = {
			isa = PBXSourcesBuildPhase;
			buildActionMask = 2147483647;
			files = (
			);
			runOnlyForDeploymentPostprocessing = 0;
		};
/* End PBXSourcesBuildPhase section */

/* Begin PBXTargetDependency section */
		3813E2872DAF1C9F00BFBEDC /* PBXTargetDependency */ = {
			isa = PBXTargetDependency;
			target = 3813E2742DAF1C9F00BFBEDC /* TaskNoteIOS */;
			targetProxy = 3813E2862DAF1C9F00BFBEDC /* PBXContainerItemProxy */;
		};
		3813E2912DAF1C9F00BFBEDC /* PBXTargetDependency */ = {
			isa = PBXTargetDependency;
			target = 3813E2742DAF1C9F00BFBEDC /* TaskNoteIOS */;
			targetProxy = 3813E2902DAF1C9F00BFBEDC /* PBXContainerItemProxy */;
		};
/* End PBXTargetDependency section */

/* Begin XCBuildConfiguration section */
		3813E2972DAF1C9F00BFBEDC /* Debug */ = {
			isa = XCBuildConfiguration;
			buildSettings = {
				ALWAYS_SEARCH_USER_PATHS = NO;
				ASSETCATALOG_COMPILER_GENERATE_SWIFT_ASSET_SYMBOL_EXTENSIONS = YES;
				CLANG_ANALYZER_NONNULL = YES;
				CLANG_ANALYZER_NUMBER_OBJECT_CONVERSION = YES_AGGRESSIVE;
				CLANG_CXX_LANGUAGE_STANDARD = "gnu++20";
				CLANG_ENABLE_MODULES = YES;
				CLANG_ENABLE_OBJC_ARC = YES;
				CLANG_ENABLE_OBJC_WEAK = YES;
				CLANG_WARN_BLOCK_CAPTURE_AUTORELEASING = YES;
				CLANG_WARN_BOOL_CONVERSION = YES;
				CLANG_WARN_COMMA = YES;
				CLANG_WARN_CONSTANT_CONVERSION = YES;
				CLANG_WARN_DEPRECATED_OBJC_IMPLEMENTATIONS = YES;
				CLANG_WARN_DIRECT_OBJC_ISA_USAGE = YES_ERROR;
				CLANG_WARN_DOCUMENTATION_COMMENTS = YES;
				CLANG_WARN_EMPTY_BODY = YES;
				CLANG_WARN_ENUM_CONVERSION = YES;
				CLANG_WARN_INFINITE_RECURSION = YES;
				CLANG_WARN_INT_CONVERSION = YES;
				CLANG_WARN_NON_LITERAL_NULL_CONVERSION = YES;
				CLANG_WARN_OBJC_IMPLICIT_RETAIN_SELF = YES;
				CLANG_WARN_OBJC_LITERAL_CONVERSION = YES;
				CLANG_WARN_OBJC_ROOT_CLASS = YES_ERROR;
				CLANG_WARN_QUOTED_INCLUDE_IN_FRAMEWORK_HEADER = YES;
				CLANG_WARN_RANGE_LOOP_ANALYSIS = YES;
				CLANG_WARN_STRICT_PROTOTYPES = YES;
				CLANG_WARN_SUSPICIOUS_MOVE = YES;
				CLANG_WARN_UNGUARDED_AVAILABILITY = YES_AGGRESSIVE;
				CLANG_WARN_UNREACHABLE_CODE = YES;
				CLANG_WARN__DUPLICATE_METHOD_MATCH = YES;
				COPY_PHASE_STRIP = NO;
				DEBUG_INFORMATION_FORMAT = dwarf;
				ENABLE_STRICT_OBJC_MSGSEND = YES;
				ENABLE_TESTABILITY = YES;
				ENABLE_USER_SCRIPT_SANDBOXING = YES;
				GCC_C_LANGUAGE_STANDARD = gnu17;
				GCC_DYNAMIC_NO_PIC = NO;
				GCC_NO_COMMON_BLOCKS = YES;
				GCC_OPTIMIZATION_LEVEL = 0;
				GCC_PREPROCESSOR_DEFINITIONS = (
					"DEBUG=1",
					"$(inherited)",
				);
				GCC_WARN_64_TO_32_BIT_CONVERSION = YES;
				GCC_WARN_ABOUT_RETURN_TYPE = YES_ERROR;
				GCC_WARN_UNDECLARED_SELECTOR = YES;
				GCC_WARN_UNINITIALIZED_AUTOS = YES_AGGRESSIVE;
				GCC_WARN_UNUSED_FUNCTION = YES;
				GCC_WARN_UNUSED_VARIABLE = YES;
				IPHONEOS_DEPLOYMENT_TARGET = 18.2;
				LOCALIZATION_PREFERS_STRING_CATALOGS = YES;
				MTL_ENABLE_DEBUG_INFO = INCLUDE_SOURCE;
				MTL_FAST_MATH = YES;
				ONLY_ACTIVE_ARCH = YES;
				SDKROOT = iphoneos;
				SWIFT_ACTIVE_COMPILATION_CONDITIONS = "DEBUG $(inherited)";
				SWIFT_OPTIMIZATION_LEVEL = "-Onone";
			};
			name = Debug;
		};
		3813E2982DAF1C9F00BFBEDC /* Release */ = {
			isa = XCBuildConfiguration;
			buildSettings = {
				ALWAYS_SEARCH_USER_PATHS = NO;
				ASSETCATALOG_COMPILER_GENERATE_SWIFT_ASSET_SYMBOL_EXTENSIONS = YES;
				CLANG_ANALYZER_NONNULL = YES;
				CLANG_ANALYZER_NUMBER_OBJECT_CONVERSION = YES_AGGRESSIVE;
				CLANG_CXX_LANGUAGE_STANDARD = "gnu++20";
				CLANG_ENABLE_MODULES = YES;
				CLANG_ENABLE_OBJC_ARC = YES;
				CLANG_ENABLE_OBJC_WEAK = YES;
				CLANG_WARN_BLOCK_CAPTURE_AUTORELEASING = YES;
				CLANG_WARN_BOOL_CONVERSION = YES;
				CLANG_WARN_COMMA = YES;
				CLANG_WARN_CONSTANT_CONVERSION = YES;
				CLANG_WARN_DEPRECATED_OBJC_IMPLEMENTATIONS = YES;
				CLANG_WARN_DIRECT_OBJC_ISA_USAGE = YES_ERROR;
				CLANG_WARN_DOCUMENTATION_COMMENTS = YES;
				CLANG_WARN_EMPTY_BODY = YES;
				CLANG_WARN_ENUM_CONVERSION = YES;
				CLANG_WARN_INFINITE_RECURSION = YES;
				CLANG_WARN_INT_CONVERSION = YES;
				CLANG_WARN_NON_LITERAL_NULL_CONVERSION = YES;
				CLANG_WARN_OBJC_IMPLICIT_RETAIN_SELF = YES;
				CLANG_WARN_OBJC_LITERAL_CONVERSION = YES;
				CLANG_WARN_OBJC_ROOT_CLASS = YES_ERROR;
				CLANG_WARN_QUOTED_INCLUDE_IN_FRAMEWORK_HEADER = YES;
				CLANG_WARN_RANGE_LOOP_ANALYSIS = YES;
				CLANG_WARN_STRICT_PROTOTYPES = YES;
				CLANG_WARN_SUSPICIOUS_MOVE = YES;
				CLANG_WARN_UNGUARDED_AVAILABILITY = YES_AGGRESSIVE;
				CLANG_WARN_UNREACHABLE_CODE = YES;
				CLANG_WARN__DUPLICATE_METHOD_MATCH = YES;
				COPY_PHASE_STRIP = NO;
				DEBUG_INFORMATION_FORMAT = "dwarf-with-dsym";
				ENABLE_NS_ASSERTIONS = NO;
				ENABLE_STRICT_OBJC_MSGSEND = YES;
				ENABLE_USER_SCRIPT_SANDBOXING = YES;
				GCC_C_LANGUAGE_STANDARD = gnu17;
				GCC_NO_COMMON_BLOCKS = YES;
				GCC_WARN_64_TO_32_BIT_CONVERSION = YES;
				GCC_WARN_ABOUT_RETURN_TYPE = YES_ERROR;
				GCC_WARN_UNDECLARED_SELECTOR = YES;
				GCC_WARN_UNINITIALIZED_AUTOS = YES_AGGRESSIVE;
				GCC_WARN_UNUSED_FUNCTION = YES;
				GCC_WARN_UNUSED_VARIABLE = YES;
				IPHONEOS_DEPLOYMENT_TARGET = 18.2;
				LOCALIZATION_PREFERS_STRING_CATALOGS = YES;
				MTL_ENABLE_DEBUG_INFO = NO;
				MTL_FAST_MATH = YES;
				SDKROOT = iphoneos;
				SWIFT_COMPILATION_MODE = wholemodule;
				VALIDATE_PRODUCT = YES;
			};
			name = Release;
		};
		3813E29A2DAF1C9F00BFBEDC /* Debug */ = {
			isa = XCBuildConfiguration;
			buildSettings = {
				ASSETCATALOG_COMPILER_APPICON_NAME = AppIcon;
				ASSETCATALOG_COMPILER_GLOBAL_ACCENT_COLOR_NAME = AccentColor;
				CODE_SIGN_STYLE = Automatic;
				CURRENT_PROJECT_VERSION = 1;
				DEVELOPMENT_ASSET_PATHS = "\"TaskNoteIOS/Preview Content\"";
				DEVELOPMENT_TEAM = GTXJQLPKBA;
				ENABLE_PREVIEWS = YES;
				GENERATE_INFOPLIST_FILE = YES;
				INFOPLIST_KEY_UIApplicationSceneManifest_Generation = YES;
				INFOPLIST_KEY_UIApplicationSupportsIndirectInputEvents = YES;
				INFOPLIST_KEY_UILaunchScreen_Generation = YES;
				INFOPLIST_KEY_UISupportedInterfaceOrientations_iPad = "UIInterfaceOrientationPortrait UIInterfaceOrientationPortraitUpsideDown UIInterfaceOrientationLandscapeLeft UIInterfaceOrientationLandscapeRight";
				INFOPLIST_KEY_UISupportedInterfaceOrientations_iPhone = "UIInterfaceOrientationPortrait UIInterfaceOrientationLandscapeLeft UIInterfaceOrientationLandscapeRight";
				LD_RUNPATH_SEARCH_PATHS = (
					"$(inherited)",
					"@executable_path/Frameworks",
				);
				MARKETING_VERSION = 1.0;
				PRODUCT_BUNDLE_IDENTIFIER = com.task.note.org.IOS.TaskNoteIOS;
				PRODUCT_NAME = "$(TARGET_NAME)";
				SWIFT_EMIT_LOC_STRINGS = YES;
				SWIFT_VERSION = 5.0;
				TARGETED_DEVICE_FAMILY = "1,2";
			};
			name = Debug;
		};
		3813E29B2DAF1C9F00BFBEDC /* Release */ = {
			isa = XCBuildConfiguration;
			buildSettings = {
				ASSETCATALOG_COMPILER_APPICON_NAME = AppIcon;
				ASSETCATALOG_COMPILER_GLOBAL_ACCENT_COLOR_NAME = AccentColor;
				CODE_SIGN_STYLE = Automatic;
				CURRENT_PROJECT_VERSION = 1;
				DEVELOPMENT_ASSET_PATHS = "\"TaskNoteIOS/Preview Content\"";
				DEVELOPMENT_TEAM = GTXJQLPKBA;
				ENABLE_PREVIEWS = YES;
				GENERATE_INFOPLIST_FILE = YES;
				INFOPLIST_KEY_UIApplicationSceneManifest_Generation = YES;
				INFOPLIST_KEY_UIApplicationSupportsIndirectInputEvents = YES;
				INFOPLIST_KEY_UILaunchScreen_Generation = YES;
				INFOPLIST_KEY_UISupportedInterfaceOrientations_iPad = "UIInterfaceOrientationPortrait UIInterfaceOrientationPortraitUpsideDown UIInterfaceOrientationLandscapeLeft UIInterfaceOrientationLandscapeRight";
				INFOPLIST_KEY_UISupportedInterfaceOrientations_iPhone = "UIInterfaceOrientationPortrait UIInterfaceOrientationLandscapeLeft UIInterfaceOrientationLandscapeRight";
				LD_RUNPATH_SEARCH_PATHS = (
					"$(inherited)",
					"@executable_path/Frameworks",
				);
				MARKETING_VERSION = 1.0;
				PRODUCT_BUNDLE_IDENTIFIER = com.task.note.org.IOS.TaskNoteIOS;
				PRODUCT_NAME = "$(TARGET_NAME)";
				SWIFT_EMIT_LOC_STRINGS = YES;
				SWIFT_VERSION = 5.0;
				TARGETED_DEVICE_FAMILY = "1,2";
			};
			name = Release;
		};
		3813E29D2DAF1C9F00BFBEDC /* Debug */ = {
			isa = XCBuildConfiguration;
			buildSettings = {
				BUNDLE_LOADER = "$(TEST_HOST)";
				CODE_SIGN_STYLE = Automatic;
				CURRENT_PROJECT_VERSION = 1;
				DEVELOPMENT_TEAM = GTXJQLPKBA;
				GENERATE_INFOPLIST_FILE = YES;
				IPHONEOS_DEPLOYMENT_TARGET = 18.2;
				MARKETING_VERSION = 1.0;
				PRODUCT_BUNDLE_IDENTIFIER = com.task.note.org.IOS.TaskNoteIOSTests;
				PRODUCT_NAME = "$(TARGET_NAME)";
				SWIFT_EMIT_LOC_STRINGS = NO;
				SWIFT_VERSION = 5.0;
				TARGETED_DEVICE_FAMILY = "1,2";
				TEST_HOST = "$(BUILT_PRODUCTS_DIR)/TaskNoteIOS.app/$(BUNDLE_EXECUTABLE_FOLDER_PATH)/TaskNoteIOS";
			};
			name = Debug;
		};
		3813E29E2DAF1C9F00BFBEDC /* Release */ = {
			isa = XCBuildConfiguration;
			buildSettings = {
				BUNDLE_LOADER = "$(TEST_HOST)";
				CODE_SIGN_STYLE = Automatic;
				CURRENT_PROJECT_VERSION = 1;
				DEVELOPMENT_TEAM = GTXJQLPKBA;
				GENERATE_INFOPLIST_FILE = YES;
				IPHONEOS_DEPLOYMENT_TARGET = 18.2;
				MARKETING_VERSION = 1.0;
				PRODUCT_BUNDLE_IDENTIFIER = com.task.note.org.IOS.TaskNoteIOSTests;
				PRODUCT_NAME = "$(TARGET_NAME)";
				SWIFT_EMIT_LOC_STRINGS = NO;
				SWIFT_VERSION = 5.0;
				TARGETED_DEVICE_FAMILY = "1,2";
				TEST_HOST = "$(BUILT_PRODUCTS_DIR)/TaskNoteIOS.app/$(BUNDLE_EXECUTABLE_FOLDER_PATH)/TaskNoteIOS";
			};
			name = Release;
		};
		3813E2A02DAF1C9F00BFBEDC /* Debug */ = {
			isa = XCBuildConfiguration;
			buildSettings = {
				CODE_SIGN_STYLE = Automatic;
				CURRENT_PROJECT_VERSION = 1;
				DEVELOPMENT_TEAM = GTXJQLPKBA;
				GENERATE_INFOPLIST_FILE = YES;
				MARKETING_VERSION = 1.0;
				PRODUCT_BUNDLE_IDENTIFIER = com.task.note.org.IOS.TaskNoteIOSUITests;
				PRODUCT_NAME = "$(TARGET_NAME)";
				SWIFT_EMIT_LOC_STRINGS = NO;
				SWIFT_VERSION = 5.0;
				TARGETED_DEVICE_FAMILY = "1,2";
				TEST_TARGET_NAME = TaskNoteIOS;
			};
			name = Debug;
		};
		3813E2A12DAF1C9F00BFBEDC /* Release */ = {
			isa = XCBuildConfiguration;
			buildSettings = {
				CODE_SIGN_STYLE = Automatic;
				CURRENT_PROJECT_VERSION = 1;
				DEVELOPMENT_TEAM = GTXJQLPKBA;
				GENERATE_INFOPLIST_FILE = YES;
				MARKETING_VERSION = 1.0;
				PRODUCT_BUNDLE_IDENTIFIER = com.task.note.org.IOS.TaskNoteIOSUITests;
				PRODUCT_NAME = "$(TARGET_NAME)";
				SWIFT_EMIT_LOC_STRINGS = NO;
				SWIFT_VERSION = 5.0;
				TARGETED_DEVICE_FAMILY = "1,2";
				TEST_TARGET_NAME = TaskNoteIOS;
			};
			name = Release;
		};
/* End XCBuildConfiguration section */

/* Begin XCConfigurationList section */
		3813E2702DAF1C9F00BFBEDC /* Build configuration list for PBXProject "TaskNoteIOS" */ = {
			isa = XCConfigurationList;
			buildConfigurations = (
				3813E2972DAF1C9F00BFBEDC /* Debug */,
				3813E2982DAF1C9F00BFBEDC /* Release */,
			);
			defaultConfigurationIsVisible = 0;
			defaultConfigurationName = Release;
		};
		3813E2992DAF1C9F00BFBEDC /* Build configuration list for PBXNativeTarget "TaskNoteIOS" */ = {
			isa = XCConfigurationList;
			buildConfigurations = (
				3813E29A2DAF1C9F00BFBEDC /* Debug */,
				3813E29B2DAF1C9F00BFBEDC /* Release */,
			);
			defaultConfigurationIsVisible = 0;
			defaultConfigurationName = Release;
		};
		3813E29C2DAF1C9F00BFBEDC /* Build configuration list for PBXNativeTarget "TaskNoteIOSTests" */ = {
			isa = XCConfigurationList;
			buildConfigurations = (
				3813E29D2DAF1C9F00BFBEDC /* Debug */,
				3813E29E2DAF1C9F00BFBEDC /* Release */,
			);
			defaultConfigurationIsVisible = 0;
			defaultConfigurationName = Release;
		};
		3813E29F2DAF1C9F00BFBEDC /* Build configuration list for PBXNativeTarget "TaskNoteIOSUITests" */ = {
			isa = XCConfigurationList;
			buildConfigurations = (
				3813E2A02DAF1C9F00BFBEDC /* Debug */,
				3813E2A12DAF1C9F00BFBEDC /* Release */,
			);
			defaultConfigurationIsVisible = 0;
			defaultConfigurationName = Release;
		};
/* End XCConfigurationList section */

/* Begin XCRemoteSwiftPackageReference section */
		3813E2BD2DAF376A00BFBEDC /* XCRemoteSwiftPackageReference "supabase-swift" */ = {
			isa = XCRemoteSwiftPackageReference;
			repositoryURL = "https://github.com/supabase/supabase-swift";
			requirement = {
				kind = upToNextMajorVersion;
				minimumVersion = 2.5.1;
			};
		};
/* End XCRemoteSwiftPackageReference section */

/* Begin XCSwiftPackageProductDependency section */
		3813E2BE2DAF376A00BFBEDC /* Auth */ = {
			isa = XCSwiftPackageProductDependency;
			package = 3813E2BD2DAF376A00BFBEDC /* XCRemoteSwiftPackageReference "supabase-swift" */;
			productName = Auth;
		};
		3813E2C02DAF376A00BFBEDC /* PostgREST */ = {
			isa = XCSwiftPackageProductDependency;
			package = 3813E2BD2DAF376A00BFBEDC /* XCRemoteSwiftPackageReference "supabase-swift" */;
			productName = PostgREST;
		};
		3813E2C22DAF376A00BFBEDC /* Storage */ = {
			isa = XCSwiftPackageProductDependency;
			package = 3813E2BD2DAF376A00BFBEDC /* XCRemoteSwiftPackageReference "supabase-swift" */;
			productName = Storage;
		};
		3813E2C42DAF376A00BFBEDC /* Supabase */ = {
			isa = XCSwiftPackageProductDependency;
			package = 3813E2BD2DAF376A00BFBEDC /* XCRemoteSwiftPackageReference "supabase-swift" */;
			productName = Supabase;
		};
/* End XCSwiftPackageProductDependency section */
	};
	rootObject = 3813E26D2DAF1C9F00BFBEDC /* Project object */;
}
